
Microsoft Visual Studio Solution File, Format Version 12.00
# Visual Studio Version 17
VisualStudioVersion = 17.10.35013.160
MinimumVisualStudioVersion = 10.0.40219.1
Project("{9A19103F-16F7-4668-BE54-9A1E7A4F7556}") = "KheaiGameEngine", "KheaiGameEngine.csproj", "{E3983BC2-2321-465E-B720-DD74CD3E5FE4}"
EndProject
Global
	GlobalSection(SolutionConfigurationPlatforms) = preSolution
		Debug|Any CPU = Debug|Any CPU
		Release|Any CPU = Release|Any CPU
	EndGlobalSection
	GlobalSection(ProjectConfigurationPlatforms) = postSolution
		{E3983BC2-2321-465E-B720-DD74CD3E5FE4}.Debug|Any CPU.ActiveCfg = Debug|Any CPU
		{E3983BC2-2321-465E-B720-DD74CD3E5FE4}.Debug|Any CPU.Build.0 = Debug|Any CPU
		{E3983BC2-2321-465E-B720-DD74CD3E5FE4}.Release|Any CPU.ActiveCfg = Release|Any CPU
		{E3983BC2-2321-465E-B720-DD74CD3E5FE4}.Release|Any CPU.Build.0 = Release|Any CPU
	EndGlobalSection
	GlobalSection(SolutionProperties) = preSolution
		HideSolutionNode = FALSE
	EndGlobalSection
	GlobalSection(ExtensibilityGlobals) = postSolution
		SolutionGuid = {1F92186C-B962-41FC-A953-36014D2A1609}
	EndGlobalSection
EndGlobal
